# This file is automatically @generated by Cargo.
# It is not intended for manual editing.
version = 4

[[package]]
name = "bootloader"
version = "0.1.0"

[[package]]
name = "fs-server"
version = "0.1.0"
dependencies = [
 "ipc",
]

[[package]]
name = "init"
version = "0.1.0"
dependencies = [
 "ipc",
 "syscall",
]

[[package]]
name = "ipc"
version = "0.1.0"

[[package]]
name = "kernel"
version = "0.1.0"
dependencies = [
 "bootloader",
 "ipc",
 "syscall",
]

[[package]]
name = "net-server"
version = "0.1.0"
dependencies = [
 "ipc",
]

[[package]]
name = "syscall"
version = "0.1.0"
